
Microsoft Visual Studio Solution File, Format Version 12.00
Project("{FAE04EC0-301F-11D3-BF4B-00C04F79EFBC}") = "TaskManager.API", "TaskManager.API\TaskManager.API.csproj", "{6976ED98-EF85-41E3-9E45-BC4F316FD543}"
EndProject
Project("{FAE04EC0-301F-11D3-BF4B-00C04F79EFBC}") = "TaskManager.Application", "TaskManager.Application\TaskManager.Application.csproj", "{EBD42782-6564-41F6-A3D3-46C64BF6A2CC}"
EndProject
Project("{FAE04EC0-301F-11D3-BF4B-00C04F79EFBC}") = "TaskManager.Core", "TaskManager.Core\TaskManager.Core.csproj", "{E9612368-D2C0-4B9D-890E-4ECE3EB901BF}"
EndProject
Project("{FAE04EC0-301F-11D3-BF4B-00C04F79EFBC}") = "TaskManager.Infrastructure", "TaskManager.Infrastructure\TaskManager.Infrastructure.csproj", "{EEBF7677-56BB-47E2-A600-146C2888B125}"
EndProject
Project("{FAE04EC0-301F-11D3-BF4B-00C04F79EFBC}") = "TaskManager.Shared", "TaskManager.Shared\TaskManager.Shared.csproj", "{CE13AFC4-711A-48B5-B483-CB3F1231E51F}"
EndProject
Project("{FAE04EC0-301F-11D3-BF4B-00C04F79EFBC}") = "TaskManager.Shared.Abstractions", "TaskManager.Shared.Abstractions\TaskManager.Shared.Abstractions.csproj", "{A67A7543-9A67-4889-84A7-01A0F1474962}"
EndProject
Project("{2150E333-8FDC-42A3-9474-1A3956D46DE8}") = "src", "src", "{3179012D-EDCD-4A75-B8D5-64D453D2E809}"
EndProject
Project("{2150E333-8FDC-42A3-9474-1A3956D46DE8}") = "Solution Items", "Solution Items", "{D043EFE1-F314-4662-9F95-58E085C92B0F}"
	ProjectSection(SolutionItems) = preProject
		docker-compose.yml = docker-compose.yml
		Dockerfile = Dockerfile
		.dockerignore = .dockerignore
	EndProjectSection
EndProject
Global
	GlobalSection(SolutionConfigurationPlatforms) = preSolution
		Debug|Any CPU = Debug|Any CPU
		Release|Any CPU = Release|Any CPU
	EndGlobalSection
	GlobalSection(ProjectConfigurationPlatforms) = postSolution
		{6976ED98-EF85-41E3-9E45-BC4F316FD543}.Debug|Any CPU.ActiveCfg = Debug|Any CPU
		{6976ED98-EF85-41E3-9E45-BC4F316FD543}.Debug|Any CPU.Build.0 = Debug|Any CPU
		{6976ED98-EF85-41E3-9E45-BC4F316FD543}.Release|Any CPU.ActiveCfg = Release|Any CPU
		{6976ED98-EF85-41E3-9E45-BC4F316FD543}.Release|Any CPU.Build.0 = Release|Any CPU
		{EBD42782-6564-41F6-A3D3-46C64BF6A2CC}.Debug|Any CPU.ActiveCfg = Debug|Any CPU
		{EBD42782-6564-41F6-A3D3-46C64BF6A2CC}.Debug|Any CPU.Build.0 = Debug|Any CPU
		{EBD42782-6564-41F6-A3D3-46C64BF6A2CC}.Release|Any CPU.ActiveCfg = Release|Any CPU
		{EBD42782-6564-41F6-A3D3-46C64BF6A2CC}.Release|Any CPU.Build.0 = Release|Any CPU
		{E9612368-D2C0-4B9D-890E-4ECE3EB901BF}.Debug|Any CPU.ActiveCfg = Debug|Any CPU
		{E9612368-D2C0-4B9D-890E-4ECE3EB901BF}.Debug|Any CPU.Build.0 = Debug|Any CPU
		{E9612368-D2C0-4B9D-890E-4ECE3EB901BF}.Release|Any CPU.ActiveCfg = Release|Any CPU
		{E9612368-D2C0-4B9D-890E-4ECE3EB901BF}.Release|Any CPU.Build.0 = Release|Any CPU
		{EEBF7677-56BB-47E2-A600-146C2888B125}.Debug|Any CPU.ActiveCfg = Debug|Any CPU
		{EEBF7677-56BB-47E2-A600-146C2888B125}.Debug|Any CPU.Build.0 = Debug|Any CPU
		{EEBF7677-56BB-47E2-A600-146C2888B125}.Release|Any CPU.ActiveCfg = Release|Any CPU
		{EEBF7677-56BB-47E2-A600-146C2888B125}.Release|Any CPU.Build.0 = Release|Any CPU
		{CE13AFC4-711A-48B5-B483-CB3F1231E51F}.Debug|Any CPU.ActiveCfg = Debug|Any CPU
		{CE13AFC4-711A-48B5-B483-CB3F1231E51F}.Debug|Any CPU.Build.0 = Debug|Any CPU
		{CE13AFC4-711A-48B5-B483-CB3F1231E51F}.Release|Any CPU.ActiveCfg = Release|Any CPU
		{CE13AFC4-711A-48B5-B483-CB3F1231E51F}.Release|Any CPU.Build.0 = Release|Any CPU
		{A67A7543-9A67-4889-84A7-01A0F1474962}.Debug|Any CPU.ActiveCfg = Debug|Any CPU
		{A67A7543-9A67-4889-84A7-01A0F1474962}.Debug|Any CPU.Build.0 = Debug|Any CPU
		{A67A7543-9A67-4889-84A7-01A0F1474962}.Release|Any CPU.ActiveCfg = Release|Any CPU
		{A67A7543-9A67-4889-84A7-01A0F1474962}.Release|Any CPU.Build.0 = Release|Any CPU
	EndGlobalSection
	GlobalSection(NestedProjects) = preSolution
		{A67A7543-9A67-4889-84A7-01A0F1474962} = {3179012D-EDCD-4A75-B8D5-64D453D2E809}
		{CE13AFC4-711A-48B5-B483-CB3F1231E51F} = {3179012D-EDCD-4A75-B8D5-64D453D2E809}
		{EEBF7677-56BB-47E2-A600-146C2888B125} = {3179012D-EDCD-4A75-B8D5-64D453D2E809}
		{E9612368-D2C0-4B9D-890E-4ECE3EB901BF} = {3179012D-EDCD-4A75-B8D5-64D453D2E809}
		{EBD42782-6564-41F6-A3D3-46C64BF6A2CC} = {3179012D-EDCD-4A75-B8D5-64D453D2E809}
		{6976ED98-EF85-41E3-9E45-BC4F316FD543} = {3179012D-EDCD-4A75-B8D5-64D453D2E809}
	EndGlobalSection
EndGlobal
